
Microsoft Visual Studio Solution File, Format Version 12.00
# Visual Studio 2012
Project("{2150E333-8FDC-42A3-9474-1A3956D46DE8}") = "Application", "Application", "{F23CE61D-725D-4499-A959-F6FB8C36A7A4}"
EndProject
Project("{FAE04EC0-301F-11D3-BF4B-00C04F79EFBC}") = "K2ITApp.Wpf", "K2ITApp.Wpf\K2ITApp.Wpf.csproj", "{4F965C06-19A9-4FF0-BADB-5D72D5ED6A97}"
EndProject
Global
	GlobalSection(SolutionConfigurationPlatforms) = preSolution
		Debug|Any CPU = Debug|Any CPU
		Release|Any CPU = Release|Any CPU
	EndGlobalSection
	GlobalSection(ProjectConfigurationPlatforms) = postSolution
		{4F965C06-19A9-4FF0-BADB-5D72D5ED6A97}.Debug|Any CPU.ActiveCfg = Debug|Any CPU
		{4F965C06-19A9-4FF0-BADB-5D72D5ED6A97}.Debug|Any CPU.Build.0 = Debug|Any CPU
		{4F965C06-19A9-4FF0-BADB-5D72D5ED6A97}.Release|Any CPU.ActiveCfg = Release|Any CPU
		{4F965C06-19A9-4FF0-BADB-5D72D5ED6A97}.Release|Any CPU.Build.0 = Release|Any CPU
	EndGlobalSection
	GlobalSection(SolutionProperties) = preSolution
		HideSolutionNode = FALSE
	EndGlobalSection
	GlobalSection(NestedProjects) = preSolution
		{4F965C06-19A9-4FF0-BADB-5D72D5ED6A97} = {F23CE61D-725D-4499-A959-F6FB8C36A7A4}
	EndGlobalSection
EndGlobal
